
Microsoft Visual Studio Solution File, Format Version 11.00
# Visual Basic Express 2010
Project("{F184B08F-C81C-45F6-A57F-5ABD9991F28F}") = "GameBackupManager", "GameBackupManager\GameBackupManager.vbproj", "{B45A1698-EF03-4571-9EA9-F6FB5F6F2507}"
EndProject
Global
	GlobalSection(SolutionConfigurationPlatforms) = preSolution
		Debug|x86 = Debug|x86
		Release|x86 = Release|x86
	EndGlobalSection
	GlobalSection(ProjectConfigurationPlatforms) = postSolution
		{B45A1698-EF03-4571-9EA9-F6FB5F6F2507}.Debug|x86.ActiveCfg = Debug|x86
		{B45A1698-EF03-4571-9EA9-F6FB5F6F2507}.Debug|x86.Build.0 = Debug|x86
		{B45A1698-EF03-4571-9EA9-F6FB5F6F2507}.Release|x86.ActiveCfg = Release|x86
		{B45A1698-EF03-4571-9EA9-F6FB5F6F2507}.Release|x86.Build.0 = Release|x86
	EndGlobalSection
	GlobalSection(SolutionProperties) = preSolution
		HideSolutionNode = FALSE
	EndGlobalSection
EndGlobal
